
Microsoft Visual Studio Solution File, Format Version 12.00
# Visual Studio 2012
Project("{FAE04EC0-301F-11D3-BF4B-00C04F79EFBC}") = "WebAulaMasterPage", "WebAulaMasterPage\WebAulaMasterPage.csproj", "{6A93596D-A13F-4107-A455-C93AFBBCCADB}"
EndProject
Global
	GlobalSection(SolutionConfigurationPlatforms) = preSolution
		Debug|Any CPU = Debug|Any CPU
		Release|Any CPU = Release|Any CPU
	EndGlobalSection
	GlobalSection(ProjectConfigurationPlatforms) = postSolution
		{6A93596D-A13F-4107-A455-C93AFBBCCADB}.Debug|Any CPU.ActiveCfg = Debug|Any CPU
		{6A93596D-A13F-4107-A455-C93AFBBCCADB}.Debug|Any CPU.Build.0 = Debug|Any CPU
		{6A93596D-A13F-4107-A455-C93AFBBCCADB}.Release|Any CPU.ActiveCfg = Release|Any CPU
		{6A93596D-A13F-4107-A455-C93AFBBCCADB}.Release|Any CPU.Build.0 = Release|Any CPU
	EndGlobalSection
	GlobalSection(SolutionProperties) = preSolution
		HideSolutionNode = FALSE
	EndGlobalSection
EndGlobal
