
Microsoft Visual Studio Solution File, Format Version 12.00
# Visual Studio 15
VisualStudioVersion = 15.0.27428.2037
MinimumVisualStudioVersion = 10.0.40219.1
Project("{FAE04EC0-301F-11D3-BF4B-00C04F79EFBC}") = "CADASTRO1", "CADASTRO1\CADASTRO1.csproj", "{DB99C49A-12BB-4FBC-B1FF-89E5E3408D0D}"
EndProject
Global
	GlobalSection(SolutionConfigurationPlatforms) = preSolution
		Debug|Any CPU = Debug|Any CPU
		Release|Any CPU = Release|Any CPU
	EndGlobalSection
	GlobalSection(ProjectConfigurationPlatforms) = postSolution
		{DB99C49A-12BB-4FBC-B1FF-89E5E3408D0D}.Debug|Any CPU.ActiveCfg = Debug|Any CPU
		{DB99C49A-12BB-4FBC-B1FF-89E5E3408D0D}.Debug|Any CPU.Build.0 = Debug|Any CPU
		{DB99C49A-12BB-4FBC-B1FF-89E5E3408D0D}.Release|Any CPU.ActiveCfg = Release|Any CPU
		{DB99C49A-12BB-4FBC-B1FF-89E5E3408D0D}.Release|Any CPU.Build.0 = Release|Any CPU
	EndGlobalSection
	GlobalSection(SolutionProperties) = preSolution
		HideSolutionNode = FALSE
	EndGlobalSection
	GlobalSection(ExtensibilityGlobals) = postSolution
		SolutionGuid = {B30F4563-2534-44AA-A711-CE55AD6AAB36}
	EndGlobalSection
EndGlobal
