
Microsoft Visual Studio Solution File, Format Version 12.00
# Visual Studio 15
VisualStudioVersion = 15.0.28010.2016
MinimumVisualStudioVersion = 10.0.40219.1
Project("{FAE04EC0-301F-11D3-BF4B-00C04F79EFBC}") = "Aprendendo_MVC", "Aprendendo_MVC\Aprendendo_MVC.csproj", "{1BEF3E2A-FCA6-4E4D-B8A6-F1D1EFCE91FD}"
EndProject
Global
	GlobalSection(SolutionConfigurationPlatforms) = preSolution
		Debug|Any CPU = Debug|Any CPU
		Release|Any CPU = Release|Any CPU
	EndGlobalSection
	GlobalSection(ProjectConfigurationPlatforms) = postSolution
		{1BEF3E2A-FCA6-4E4D-B8A6-F1D1EFCE91FD}.Debug|Any CPU.ActiveCfg = Debug|Any CPU
		{1BEF3E2A-FCA6-4E4D-B8A6-F1D1EFCE91FD}.Debug|Any CPU.Build.0 = Debug|Any CPU
		{1BEF3E2A-FCA6-4E4D-B8A6-F1D1EFCE91FD}.Release|Any CPU.ActiveCfg = Release|Any CPU
		{1BEF3E2A-FCA6-4E4D-B8A6-F1D1EFCE91FD}.Release|Any CPU.Build.0 = Release|Any CPU
	EndGlobalSection
	GlobalSection(SolutionProperties) = preSolution
		HideSolutionNode = FALSE
	EndGlobalSection
	GlobalSection(ExtensibilityGlobals) = postSolution
		SolutionGuid = {D15B0E9F-18DE-4843-B447-B507FC7D0FF8}
	EndGlobalSection
EndGlobal
